// !$*UTF8*$!
{
	archiveVersion = 1;
	classes = {
	};
	objectVersion = 50;
	objects = {

/* Begin PBXBuildFile section */
		A418CC9F225E0F9F00FF9EE6 /* AppDelegate.swift in Sources */ = {isa = PBXBuildFile; fileRef = A418CC9E225E0F9F00FF9EE6 /* AppDelegate.swift */; };
		A418CCA1225E0F9F00FF9EE6 /* ViewController.swift in Sources */ = {isa = PBXBuildFile; fileRef = A418CCA0225E0F9F00FF9EE6 /* ViewController.swift */; };
		A418CCA4225E0F9F00FF9EE6 /* Main.storyboard in Resources */ = {isa = PBXBuildFile; fileRef = A418CCA2225E0F9F00FF9EE6 /* Main.storyboard */; };
		A418CCA6225E0FA100FF9EE6 /* Assets.xcassets in Resources */ = {isa = PBXBuildFile; fileRef = A418CCA5225E0FA100FF9EE6 /* Assets.xcassets */; };
		A418CCA9225E0FA100FF9EE6 /* LaunchScreen.storyboard in Resources */ = {isa = PBXBuildFile; fileRef = A418CCA7225E0FA100FF9EE6 /* LaunchScreen.storyboard */; };
		A418CCB4225E0FA100FF9EE6 /* BasicNetworkingTests.swift in Sources */ = {isa = PBXBuildFile; fileRef = A418CCB3225E0FA100FF9EE6 /* BasicNetworkingTests.swift */; };
/* End PBXBuildFile section */

/* Begin PBXContainerItemProxy section */
		A418CCB0225E0FA100FF9EE6 /* PBXContainerItemProxy */ = {
			isa = PBXContainerItemProxy;
			containerPortal = A418CC93225E0F9F00FF9EE6 /* Project object */;
			proxyType = 1;
			remoteGlobalIDString = A418CC9A225E0F9F00FF9EE6;
			remoteInfo = BasicNetworking;
		};
/* End PBXContainerItemProxy section */

/* Begin PBXFileReference section */
		A418CC9B225E0F9F00FF9EE6 /* BasicNetworking.app */ = {isa = PBXFileReference; explicitFileType = wrapper.application; includeInIndex = 0; path = BasicNetworking.app; sourceTree = BUILT_PRODUCTS_DIR; };
		A418CC9E225E0F9F00FF9EE6 /* AppDelegate.swift */ = {isa = PBXFileReference; lastKnownFileType = sourcecode.swift; path = AppDelegate.swift; sourceTree = "<group>"; };
		A418CCA0225E0F9F00FF9EE6 /* ViewController.swift */ = {isa = PBXFileReference; lastKnownFileType = sourcecode.swift; path = ViewController.swift; sourceTree = "<group>"; };
		A418CCA3225E0F9F00FF9EE6 /* Base */ = {isa = PBXFileReference; lastKnownFileType = file.storyboard; name = Base; path = Base.lproj/Main.storyboard; sourceTree = "<group>"; };
		A418CCA5225E0FA100FF9EE6 /* Assets.xcassets */ = {isa = PBXFileReference; lastKnownFileType = folder.assetcatalog; path = Assets.xcassets; sourceTree = "<group>"; };
		A418CCA8225E0FA100FF9EE6 /* Base */ = {isa = PBXFileReference; lastKnownFileType = file.storyboard; name = Base; path = Base.lproj/LaunchScreen.storyboard; sourceTree = "<group>"; };
		A418CCAA225E0FA100FF9EE6 /* Info.plist */ = {isa = PBXFileReference; lastKnownFileType = text.plist.xml; path = Info.plist; sourceTree = "<group>"; };
		A418CCAF225E0FA100FF9EE6 /* BasicNetworkingTests.xctest */ = {isa = PBXFileReference; explicitFileType = wrapper.cfbundle; includeInIndex = 0; path = BasicNetworkingTests.xctest; sourceTree = BUILT_PRODUCTS_DIR; };
		A418CCB3225E0FA100FF9EE6 /* BasicNetworkingTests.swift */ = {isa = PBXFileReference; lastKnownFileType = sourcecode.swift; path = BasicNetworkingTests.swift; sourceTree = "<group>"; };
		A418CCB5225E0FA100FF9EE6 /* Info.plist */ = {isa = PBXFileReference; lastKnownFileType = text.plist.xml; path = Info.plist; sourceTree = "<group>"; };
/* End PBXFileReference section */

/* Begin PBXFrameworksBuildPhase section */
		A418CC98225E0F9F00FF9EE6 /* Frameworks */ = {
			isa = PBXFrameworksBuildPhase;
			buildActionMask = 2147483647;
			files = (
			);
			runOnlyForDeploymentPostprocessing = 0;
		};
		A418CCAC225E0FA100FF9EE6 /* Frameworks */ = {
			isa = PBXFrameworksBuildPhase;
			buildActionMask = 2147483647;
			files = (
			);
			runOnlyForDeploymentPostprocessing = 0;
		};
/* End PBXFrameworksBuildPhase section */

/* Begin PBXGroup section */
		A418CC92225E0F9F00FF9EE6 = {
			isa = PBXGroup;
			children = (
				A418CC9D225E0F9F00FF9EE6 /* BasicNetworking */,
				A418CCB2225E0FA100FF9EE6 /* BasicNetworkingTests */,
				A418CC9C225E0F9F00FF9EE6 /* Products */,
			);
			sourceTree = "<group>";
		};
		A418CC9C225E0F9F00FF9EE6 /* Products */ = {
			isa = PBXGroup;
			children = (
				A418CC9B225E0F9F00FF9EE6 /* BasicNetworking.app */,
				A418CCAF225E0FA100FF9EE6 /* BasicNetworkingTests.xctest */,
			);
			name = Products;
			sourceTree = "<group>";
		};
		A418CC9D225E0F9F00FF9EE6 /* BasicNetworking */ = {
			isa = PBXGroup;
			children = (
				A418CC9E225E0F9F00FF9EE6 /* AppDelegate.swift */,
				A418CCA0225E0F9F00FF9EE6 /* ViewController.swift */,
				A418CCA2225E0F9F00FF9EE6 /* Main.storyboard */,
				A418CCA5225E0FA100FF9EE6 /* Assets.xcassets */,
				A418CCA7225E0FA100FF9EE6 /* LaunchScreen.storyboard */,
				A418CCAA225E0FA100FF9EE6 /* Info.plist */,
			);
			path = BasicNetworking;
			sourceTree = "<group>";
		};
		A418CCB2225E0FA100FF9EE6 /* BasicNetworkingTests */ = {
			isa = PBXGroup;
			children = (
				A418CCB3225E0FA100FF9EE6 /* BasicNetworkingTests.swift */,
				A418CCB5225E0FA100FF9EE6 /* Info.plist */,
			);
			path = BasicNetworkingTests;
			sourceTree = "<group>";
		};
/* End PBXGroup section */

/* Begin PBXNativeTarget section */
		A418CC9A225E0F9F00FF9EE6 /* BasicNetworking */ = {
			isa = PBXNativeTarget;
			buildConfigurationList = A418CCB8225E0FA100FF9EE6 /* Build configuration list for PBXNativeTarget "BasicNetworking" */;
			buildPhases = (
				A418CC97225E0F9F00FF9EE6 /* Sources */,
				A418CC98225E0F9F00FF9EE6 /* Frameworks */,
				A418CC99225E0F9F00FF9EE6 /* Resources */,
			);
			buildRules = (
			);
			dependencies = (
			);
			name = BasicNetworking;
			productName = BasicNetworking;
			productReference = A418CC9B225E0F9F00FF9EE6 /* BasicNetworking.app */;
			productType = "com.apple.product-type.application";
		};
		A418CCAE225E0FA100FF9EE6 /* BasicNetworkingTests */ = {
			isa = PBXNativeTarget;
			buildConfigurationList = A418CCBB225E0FA100FF9EE6 /* Build configuration list for PBXNativeTarget "BasicNetworkingTests" */;
			buildPhases = (
				A418CCAB225E0FA100FF9EE6 /* Sources */,
				A418CCAC225E0FA100FF9EE6 /* Frameworks */,
				A418CCAD225E0FA100FF9EE6 /* Resources */,
			);
			buildRules = (
			);
			dependencies = (
				A418CCB1225E0FA100FF9EE6 /* PBXTargetDependency */,
			);
			name = BasicNetworkingTests;
			productName = BasicNetworkingTests;
			productReference = A418CCAF225E0FA100FF9EE6 /* BasicNetworkingTests.xctest */;
			productType = "com.apple.product-type.bundle.unit-test";
		};
/* End PBXNativeTarget section */

/* Begin PBXProject section */
		A418CC93225E0F9F00FF9EE6 /* Project object */ = {
			isa = PBXProject;
			attributes = {
				LastSwiftUpdateCheck = 1020;
				LastUpgradeCheck = 1020;
				TargetAttributes = {
					A418CC9A225E0F9F00FF9EE6 = {
						CreatedOnToolsVersion = 10.2;
					};
					A418CCAE225E0FA100FF9EE6 = {
						CreatedOnToolsVersion = 10.2;
						TestTargetID = A418CC9A225E0F9F00FF9EE6;
					};
				};
			};
			buildConfigurationList = A418CC96225E0F9F00FF9EE6 /* Build configuration list for PBXProject "BasicNetworking" */;
			compatibilityVersion = "Xcode 9.3";
			developmentRegion = en;
			hasScannedForEncodings = 0;
			knownRegions = (
				en,
				Base,
			);
			mainGroup = A418CC92225E0F9F00FF9EE6;
			productRefGroup = A418CC9C225E0F9F00FF9EE6 /* Products */;
			projectDirPath = "";
			projectRoot = "";
			targets = (
				A418CC9A225E0F9F00FF9EE6 /* BasicNetworking */,
				A418CCAE225E0FA100FF9EE6 /* BasicNetworkingTests */,
			);
		};
/* End PBXProject section */

/* Begin PBXResourcesBuildPhase section */
		A418CC99225E0F9F00FF9EE6 /* Resources */ = {
			isa = PBXResourcesBuildPhase;
			buildActionMask = 2147483647;
			files = (
				A418CCA9225E0FA100FF9EE6 /* LaunchScreen.storyboard in Resources */,
				A418CCA6225E0FA100FF9EE6 /* Assets.xcassets in Resources */,
				A418CCA4225E0F9F00FF9EE6 /* Main.storyboard in Resources */,
			);
			runOnlyForDeploymentPostprocessing = 0;
		};
		A418CCAD225E0FA100FF9EE6 /* Resources */ = {
			isa = PBXResourcesBuildPhase;
			buildActionMask = 2147483647;
			files = (
			);
			runOnlyForDeploymentPostprocessing = 0;
		};
/* End PBXResourcesBuildPhase section */

/* Begin PBXSourcesBuildPhase section */
		A418CC97225E0F9F00FF9EE6 /* Sources */ = {
			isa = PBXSourcesBuildPhase;
			buildActionMask = 2147483647;
			files = (
				A418CCA1225E0F9F00FF9EE6 /* ViewController.swift in Sources */,
				A418CC9F225E0F9F00FF9EE6 /* AppDelegate.swift in Sources */,
			);
			runOnlyForDeploymentPostprocessing = 0;
		};
		A418CCAB225E0FA100FF9EE6 /* Sources */ = {
			isa = PBXSourcesBuildPhase;
			buildActionMask = 2147483647;
			files = (
				A418CCB4225E0FA100FF9EE6 /* BasicNetworkingTests.swift in Sources */,
			);
			runOnlyForDeploymentPostprocessing = 0;
		};
/* End PBXSourcesBuildPhase section */

/* Begin PBXTargetDependency section */
		A418CCB1225E0FA100FF9EE6 /* PBXTargetDependency */ = {
			isa = PBXTargetDependency;
			target = A418CC9A225E0F9F00FF9EE6 /* BasicNetworking */;
			targetProxy = A418CCB0225E0FA100FF9EE6 /* PBXContainerItemProxy */;
		};
/* End PBXTargetDependency section */

/* Begin PBXVariantGroup section */
		A418CCA2225E0F9F00FF9EE6 /* Main.storyboard */ = {
			isa = PBXVariantGroup;
			children = (
				A418CCA3225E0F9F00FF9EE6 /* Base */,
			);
			name = Main.storyboard;
			sourceTree = "<group>";
		};
		A418CCA7225E0FA100FF9EE6 /* LaunchScreen.storyboard */ = {
			isa = PBXVariantGroup;
			children = (
				A418CCA8225E0FA100FF9EE6 /* Base */,
			);
			name = LaunchScreen.storyboard;
			sourceTree = "<group>";
		};
/* End PBXVariantGroup section */

/* Begin XCBuildConfiguration section */
		A418CCB6225E0FA100FF9EE6 /* Debug */ = {
			isa = XCBuildConfiguration;
			buildSettings = {
				ALWAYS_SEARCH_USER_PATHS = NO;
				CLANG_ANALYZER_NONNULL = YES;
				CLANG_ANALYZER_NUMBER_OBJECT_CONVERSION = YES_AGGRESSIVE;
				CLANG_CXX_LANGUAGE_STANDARD = "gnu++14";
				CLANG_CXX_LIBRARY = "libc++";
				CLANG_ENABLE_MODULES = YES;
				CLANG_ENABLE_OBJC_ARC = YES;
				CLANG_ENABLE_OBJC_WEAK = YES;
				CLANG_WARN_BLOCK_CAPTURE_AUTORELEASING = YES;
				CLANG_WARN_BOOL_CONVERSION = YES;
				CLANG_WARN_COMMA = YES;
				CLANG_WARN_CONSTANT_CONVERSION = YES;
				CLANG_WARN_DEPRECATED_OBJC_IMPLEMENTATIONS = YES;
				CLANG_WARN_DIRECT_OBJC_ISA_USAGE = YES_ERROR;
				CLANG_WARN_DOCUMENTATION_COMMENTS = YES;
				CLANG_WARN_EMPTY_BODY = YES;
				CLANG_WARN_ENUM_CONVERSION = YES;
				CLANG_WARN_INFINITE_RECURSION = YES;
				CLANG_WARN_INT_CONVERSION = YES;
				CLANG_WARN_NON_LITERAL_NULL_CONVERSION = YES;
				CLANG_WARN_OBJC_IMPLICIT_RETAIN_SELF = YES;
				CLANG_WARN_OBJC_LITERAL_CONVERSION = YES;
				CLANG_WARN_OBJC_ROOT_CLASS = YES_ERROR;
				CLANG_WARN_RANGE_LOOP_ANALYSIS = YES;
				CLANG_WARN_STRICT_PROTOTYPES = YES;
				CLANG_WARN_SUSPICIOUS_MOVE = YES;
				CLANG_WARN_UNGUARDED_AVAILABILITY = YES_AGGRESSIVE;
				CLANG_WARN_UNREACHABLE_CODE = YES;
				CLANG_WARN__DUPLICATE_METHOD_MATCH = YES;
				CODE_SIGN_IDENTITY = "iPhone Developer";
				COPY_PHASE_STRIP = NO;
				DEBUG_INFORMATION_FORMAT = dwarf;
				ENABLE_STRICT_OBJC_MSGSEND = YES;
				ENABLE_TESTABILITY = YES;
				GCC_C_LANGUAGE_STANDARD = gnu11;
				GCC_DYNAMIC_NO_PIC = NO;
				GCC_NO_COMMON_BLOCKS = YES;
				GCC_OPTIMIZATION_LEVEL = 0;
				GCC_PREPROCESSOR_DEFINITIONS = (
					"DEBUG=1",
					"$(inherited)",
				);
				GCC_WARN_64_TO_32_BIT_CONVERSION = YES;
				GCC_WARN_ABOUT_RETURN_TYPE = YES_ERROR;
				GCC_WARN_UNDECLARED_SELECTOR = YES;
				GCC_WARN_UNINITIALIZED_AUTOS = YES_AGGRESSIVE;
				GCC_WARN_UNUSED_FUNCTION = YES;
				GCC_WARN_UNUSED_VARIABLE = YES;
				IPHONEOS_DEPLOYMENT_TARGET = 12.2;
				MTL_ENABLE_DEBUG_INFO = INCLUDE_SOURCE;
				MTL_FAST_MATH = YES;
				ONLY_ACTIVE_ARCH = YES;
				SDKROOT = iphoneos;
				SWIFT_ACTIVE_COMPILATION_CONDITIONS = DEBUG;
				SWIFT_OPTIMIZATION_LEVEL = "-Onone";
			};
			name = Debug;
		};
		A418CCB7225E0FA100FF9EE6 /* Release */ = {
			isa = XCBuildConfiguration;
			buildSettings = {
				ALWAYS_SEARCH_USER_PATHS = NO;
				CLANG_ANALYZER_NONNULL = YES;
				CLANG_ANALYZER_NUMBER_OBJECT_CONVERSION = YES_AGGRESSIVE;
				CLANG_CXX_LANGUAGE_STANDARD = "gnu++14";
				CLANG_CXX_LIBRARY = "libc++";
				CLANG_ENABLE_MODULES = YES;
				CLANG_ENABLE_OBJC_ARC = YES;
				CLANG_ENABLE_OBJC_WEAK = YES;
				CLANG_WARN_BLOCK_CAPTURE_AUTORELEASING = YES;
				CLANG_WARN_BOOL_CONVERSION = YES;
				CLANG_WARN_COMMA = YES;
				CLANG_WARN_CONSTANT_CONVERSION = YES;
				CLANG_WARN_DEPRECATED_OBJC_IMPLEMENTATIONS = YES;
				CLANG_WARN_DIRECT_OBJC_ISA_USAGE = YES_ERROR;
				CLANG_WARN_DOCUMENTATION_COMMENTS = YES;
				CLANG_WARN_EMPTY_BODY = YES;
				CLANG_WARN_ENUM_CONVERSION = YES;
				CLANG_WARN_INFINITE_RECURSION = YES;
				CLANG_WARN_INT_CONVERSION = YES;
				CLANG_WARN_NON_LITERAL_NULL_CONVERSION = YES;
				CLANG_WARN_OBJC_IMPLICIT_RETAIN_SELF = YES;
				CLANG_WARN_OBJC_LITERAL_CONVERSION = YES;
				CLANG_WARN_OBJC_ROOT_CLASS = YES_ERROR;
				CLANG_WARN_RANGE_LOOP_ANALYSIS = YES;
				CLANG_WARN_STRICT_PROTOTYPES = YES;
				CLANG_WARN_SUSPICIOUS_MOVE = YES;
				CLANG_WARN_UNGUARDED_AVAILABILITY = YES_AGGRESSIVE;
				CLANG_WARN_UNREACHABLE_CODE = YES;
				CLANG_WARN__DUPLICATE_METHOD_MATCH = YES;
				CODE_SIGN_IDENTITY = "iPhone Developer";
				COPY_PHASE_STRIP = NO;
				DEBUG_INFORMATION_FORMAT = "dwarf-with-dsym";
				ENABLE_NS_ASSERTIONS = NO;
				ENABLE_STRICT_OBJC_MSGSEND = YES;
				GCC_C_LANGUAGE_STANDARD = gnu11;
				GCC_NO_COMMON_BLOCKS = YES;
				GCC_WARN_64_TO_32_BIT_CONVERSION = YES;
				GCC_WARN_ABOUT_RETURN_TYPE = YES_ERROR;
				GCC_WARN_UNDECLARED_SELECTOR = YES;
				GCC_WARN_UNINITIALIZED_AUTOS = YES_AGGRESSIVE;
				GCC_WARN_UNUSED_FUNCTION = YES;
				GCC_WARN_UNUSED_VARIABLE = YES;
				IPHONEOS_DEPLOYMENT_TARGET = 12.2;
				MTL_ENABLE_DEBUG_INFO = NO;
				MTL_FAST_MATH = YES;
				SDKROOT = iphoneos;
				SWIFT_COMPILATION_MODE = wholemodule;
				SWIFT_OPTIMIZATION_LEVEL = "-O";
				VALIDATE_PRODUCT = YES;
			};
			name = Release;
		};
		A418CCB9225E0FA100FF9EE6 /* Debug */ = {
			isa = XCBuildConfiguration;
			buildSettings = {
				ASSETCATALOG_COMPILER_APPICON_NAME = AppIcon;
				CODE_SIGN_STYLE = Automatic;
				DEVELOPMENT_TEAM = SAR2G9PZXH;
				INFOPLIST_FILE = BasicNetworking/Info.plist;
				LD_RUNPATH_SEARCH_PATHS = (
					"$(inherited)",
					"@executable_path/Frameworks",
				);
				PRODUCT_BUNDLE_IDENTIFIER = fernandocardenasm.BasicNetworking;
				PRODUCT_NAME = "$(TARGET_NAME)";
				SWIFT_VERSION = 5.0;
				TARGETED_DEVICE_FAMILY = "1,2";
			};
			name = Debug;
		};
		A418CCBA225E0FA100FF9EE6 /* Release */ = {
			isa = XCBuildConfiguration;
			buildSettings = {
				ASSETCATALOG_COMPILER_APPICON_NAME = AppIcon;
				CODE_SIGN_STYLE = Automatic;
				DEVELOPMENT_TEAM = SAR2G9PZXH;
				INFOPLIST_FILE = BasicNetworking/Info.plist;
				LD_RUNPATH_SEARCH_PATHS = (
					"$(inherited)",
					"@executable_path/Frameworks",
				);
				PRODUCT_BUNDLE_IDENTIFIER = fernandocardenasm.BasicNetworking;
				PRODUCT_NAME = "$(TARGET_NAME)";
				SWIFT_VERSION = 5.0;
				TARGETED_DEVICE_FAMILY = "1,2";
			};
			name = Release;
		};
		A418CCBC225E0FA100FF9EE6 /* Debug */ = {
			isa = XCBuildConfiguration;
			buildSettings = {
				ALWAYS_EMBED_SWIFT_STANDARD_LIBRARIES = YES;
				BUNDLE_LOADER = "$(TEST_HOST)";
				CODE_SIGN_STYLE = Automatic;
				DEVELOPMENT_TEAM = SAR2G9PZXH;
				INFOPLIST_FILE = BasicNetworkingTests/Info.plist;
				LD_RUNPATH_SEARCH_PATHS = (
					"$(inherited)",
					"@executable_path/Frameworks",
					"@loader_path/Frameworks",
				);
				PRODUCT_BUNDLE_IDENTIFIER = fernandocardenasm.BasicNetworkingTests;
				PRODUCT_NAME = "$(TARGET_NAME)";
				SWIFT_VERSION = 5.0;
				TARGETED_DEVICE_FAMILY = "1,2";
				TEST_HOST = "$(BUILT_PRODUCTS_DIR)/BasicNetworking.app/BasicNetworking";
			};
			name = Debug;
		};
		A418CCBD225E0FA100FF9EE6 /* Release */ = {
			isa = XCBuildConfiguration;
			buildSettings = {
				ALWAYS_EMBED_SWIFT_STANDARD_LIBRARIES = YES;
				BUNDLE_LOADER = "$(TEST_HOST)";
				CODE_SIGN_STYLE = Automatic;
				DEVELOPMENT_TEAM = SAR2G9PZXH;
				INFOPLIST_FILE = BasicNetworkingTests/Info.plist;
				LD_RUNPATH_SEARCH_PATHS = (
					"$(inherited)",
					"@executable_path/Frameworks",
					"@loader_path/Frameworks",
				);
				PRODUCT_BUNDLE_IDENTIFIER = fernandocardenasm.BasicNetworkingTests;
				PRODUCT_NAME = "$(TARGET_NAME)";
				SWIFT_VERSION = 5.0;
				TARGETED_DEVICE_FAMILY = "1,2";
				TEST_HOST = "$(BUILT_PRODUCTS_DIR)/BasicNetworking.app/BasicNetworking";
			};
			name = Release;
		};
/* End XCBuildConfiguration section */

/* Begin XCConfigurationList section */
		A418CC96225E0F9F00FF9EE6 /* Build configuration list for PBXProject "BasicNetworking" */ = {
			isa = XCConfigurationList;
			buildConfigurations = (
				A418CCB6225E0FA100FF9EE6 /* Debug */,
				A418CCB7225E0FA100FF9EE6 /* Release */,
			);
			defaultConfigurationIsVisible = 0;
			defaultConfigurationName = Release;
		};
		A418CCB8225E0FA100FF9EE6 /* Build configuration list for PBXNativeTarget "BasicNetworking" */ = {
			isa = XCConfigurationList;
			buildConfigurations = (
				A418CCB9225E0FA100FF9EE6 /* Debug */,
				A418CCBA225E0FA100FF9EE6 /* Release */,
			);
			defaultConfigurationIsVisible = 0;
			defaultConfigurationName = Release;
		};
		A418CCBB225E0FA100FF9EE6 /* Build configuration list for PBXNativeTarget "BasicNetworkingTests" */ = {
			isa = XCConfigurationList;
			buildConfigurations = (
				A418CCBC225E0FA100FF9EE6 /* Debug */,
				A418CCBD225E0FA100FF9EE6 /* Release */,
			);
			defaultConfigurationIsVisible = 0;
			defaultConfigurationName = Release;
		};
/* End XCConfigurationList section */
	};
	rootObject = A418CC93225E0F9F00FF9EE6 /* Project object */;
}
