// !$*UTF8*$!
{
	archiveVersion = 1;
	classes = {
	};
	objectVersion = 50;
	objects = {

/* Begin PBXBuildFile section */
		57005A9E5E9EB81E65EF6501 /* Pods_BasicNetworking.framework in Frameworks */ = {isa = PBXBuildFile; fileRef = B9E23918174456556C0644CD /* Pods_BasicNetworking.framework */; };
		687321C357D53F1B4C07185A /* Pods_BasicNetworkingTests.framework in Frameworks */ = {isa = PBXBuildFile; fileRef = 2AD285E4B7095C7C67E10243 /* Pods_BasicNetworkingTests.framework */; };
		A40CDC9D226615B500A97E93 /* APIClientService.swift in Sources */ = {isa = PBXBuildFile; fileRef = A40CDC9C226615B500A97E93 /* APIClientService.swift */; };
		A40CDC9F226615EC00A97E93 /* APIRequest.swift in Sources */ = {isa = PBXBuildFile; fileRef = A40CDC9E226615EC00A97E93 /* APIRequest.swift */; };
		A40CDCA12266166100A97E93 /* URLSessionProtocol.swift in Sources */ = {isa = PBXBuildFile; fileRef = A40CDCA02266166100A97E93 /* URLSessionProtocol.swift */; };
		A40CDCA32266226800A97E93 /* GlobalConstants.swift in Sources */ = {isa = PBXBuildFile; fileRef = A40CDCA22266226800A97E93 /* GlobalConstants.swift */; };
		A418CC9F225E0F9F00FF9EE6 /* AppDelegate.swift in Sources */ = {isa = PBXBuildFile; fileRef = A418CC9E225E0F9F00FF9EE6 /* AppDelegate.swift */; };
		A418CCA1225E0F9F00FF9EE6 /* ViewController.swift in Sources */ = {isa = PBXBuildFile; fileRef = A418CCA0225E0F9F00FF9EE6 /* ViewController.swift */; };
		A418CCA6225E0FA100FF9EE6 /* Assets.xcassets in Resources */ = {isa = PBXBuildFile; fileRef = A418CCA5225E0FA100FF9EE6 /* Assets.xcassets */; };
		A418CCB4225E0FA100FF9EE6 /* BasicNetworkingTests.swift in Sources */ = {isa = PBXBuildFile; fileRef = A418CCB3225E0FA100FF9EE6 /* BasicNetworkingTests.swift */; };
		A418CCC1225E2F3800FF9EE6 /* DatabaseManagerTests.swift in Sources */ = {isa = PBXBuildFile; fileRef = A418CCC0225E2F3800FF9EE6 /* DatabaseManagerTests.swift */; };
		ED050019226C6AA1001B24D5 /* GetComicCharactersRequestTests.swift in Sources */ = {isa = PBXBuildFile; fileRef = ED050018226C6AA1001B24D5 /* GetComicCharactersRequestTests.swift */; };
		ED05001F226CAA7D001B24D5 /* DataMocks.swift in Sources */ = {isa = PBXBuildFile; fileRef = ED05001E226CAA7D001B24D5 /* DataMocks.swift */; };
		ED050021226DBE04001B24D5 /* ComicCharactersViewModelTests.swift in Sources */ = {isa = PBXBuildFile; fileRef = ED050020226DBE04001B24D5 /* ComicCharactersViewModelTests.swift */; };
		ED062BD1226A2B8F00AE2BC6 /* ComicCharactersViewModel.swift in Sources */ = {isa = PBXBuildFile; fileRef = ED062BD0226A2B8F00AE2BC6 /* ComicCharactersViewModel.swift */; };
		ED062BD3226A5F0300AE2BC6 /* NetworkError.swift in Sources */ = {isa = PBXBuildFile; fileRef = ED062BD2226A5F0300AE2BC6 /* NetworkError.swift */; };
		ED062BD8226A612800AE2BC6 /* GetComicCharactersRequest.swift in Sources */ = {isa = PBXBuildFile; fileRef = ED062BD7226A612800AE2BC6 /* GetComicCharactersRequest.swift */; };
		ED062BDB226A61FB00AE2BC6 /* URLSessionMock.swift in Sources */ = {isa = PBXBuildFile; fileRef = ED062BDA226A61FB00AE2BC6 /* URLSessionMock.swift */; };
		ED062BDD226A699000AE2BC6 /* MarvelAPIClientServiceTests.swift in Sources */ = {isa = PBXBuildFile; fileRef = ED062BDC226A699000AE2BC6 /* MarvelAPIClientServiceTests.swift */; };
		ED24DFDC2269BE3F00C70C33 /* MarvelDataContainer.swift in Sources */ = {isa = PBXBuildFile; fileRef = ED24DFDB2269BE3F00C70C33 /* MarvelDataContainer.swift */; };
		ED24DFDE2269BF0E00C70C33 /* MarvelResponse.swift in Sources */ = {isa = PBXBuildFile; fileRef = ED24DFDD2269BF0E00C70C33 /* MarvelResponse.swift */; };
		ED24DFE02269C48500C70C33 /* ComicCharacter.swift in Sources */ = {isa = PBXBuildFile; fileRef = ED24DFDF2269C48500C70C33 /* ComicCharacter.swift */; };
		ED24DFE22269C4AA00C70C33 /* MarvelImage.swift in Sources */ = {isa = PBXBuildFile; fileRef = ED24DFE12269C4AA00C70C33 /* MarvelImage.swift */; };
/* End PBXBuildFile section */

/* Begin PBXContainerItemProxy section */
		A418CCB0225E0FA100FF9EE6 /* PBXContainerItemProxy */ = {
			isa = PBXContainerItemProxy;
			containerPortal = A418CC93225E0F9F00FF9EE6 /* Project object */;
			proxyType = 1;
			remoteGlobalIDString = A418CC9A225E0F9F00FF9EE6;
			remoteInfo = BasicNetworking;
		};
/* End PBXContainerItemProxy section */

/* Begin PBXFileReference section */
		08D6327463BB02BF113489E0 /* Pods-BasicNetworking.debug.xcconfig */ = {isa = PBXFileReference; includeInIndex = 1; lastKnownFileType = text.xcconfig; name = "Pods-BasicNetworking.debug.xcconfig"; path = "Pods/Target Support Files/Pods-BasicNetworking/Pods-BasicNetworking.debug.xcconfig"; sourceTree = "<group>"; };
		1325B2E6429DD24315508ED6 /* Pods-BasicNetworking.release.xcconfig */ = {isa = PBXFileReference; includeInIndex = 1; lastKnownFileType = text.xcconfig; name = "Pods-BasicNetworking.release.xcconfig"; path = "Pods/Target Support Files/Pods-BasicNetworking/Pods-BasicNetworking.release.xcconfig"; sourceTree = "<group>"; };
		2AD285E4B7095C7C67E10243 /* Pods_BasicNetworkingTests.framework */ = {isa = PBXFileReference; explicitFileType = wrapper.framework; includeInIndex = 0; path = Pods_BasicNetworkingTests.framework; sourceTree = BUILT_PRODUCTS_DIR; };
		443B47CC625DFD474B5E855D /* Pods-BasicNetworkingTests.release.xcconfig */ = {isa = PBXFileReference; includeInIndex = 1; lastKnownFileType = text.xcconfig; name = "Pods-BasicNetworkingTests.release.xcconfig"; path = "Pods/Target Support Files/Pods-BasicNetworkingTests/Pods-BasicNetworkingTests.release.xcconfig"; sourceTree = "<group>"; };
		8CCE2B98377E6D7407B55BFB /* Pods-BasicNetworkingTests.debug.xcconfig */ = {isa = PBXFileReference; includeInIndex = 1; lastKnownFileType = text.xcconfig; name = "Pods-BasicNetworkingTests.debug.xcconfig"; path = "Pods/Target Support Files/Pods-BasicNetworkingTests/Pods-BasicNetworkingTests.debug.xcconfig"; sourceTree = "<group>"; };
		A40CDC9C226615B500A97E93 /* APIClientService.swift */ = {isa = PBXFileReference; lastKnownFileType = sourcecode.swift; path = APIClientService.swift; sourceTree = "<group>"; };
		A40CDC9E226615EC00A97E93 /* APIRequest.swift */ = {isa = PBXFileReference; lastKnownFileType = sourcecode.swift; path = APIRequest.swift; sourceTree = "<group>"; };
		A40CDCA02266166100A97E93 /* URLSessionProtocol.swift */ = {isa = PBXFileReference; lastKnownFileType = sourcecode.swift; path = URLSessionProtocol.swift; sourceTree = "<group>"; };
		A40CDCA22266226800A97E93 /* GlobalConstants.swift */ = {isa = PBXFileReference; lastKnownFileType = sourcecode.swift; path = GlobalConstants.swift; sourceTree = "<group>"; };
		A418CC9B225E0F9F00FF9EE6 /* BasicNetworking.app */ = {isa = PBXFileReference; explicitFileType = wrapper.application; includeInIndex = 0; path = BasicNetworking.app; sourceTree = BUILT_PRODUCTS_DIR; };
		A418CC9E225E0F9F00FF9EE6 /* AppDelegate.swift */ = {isa = PBXFileReference; lastKnownFileType = sourcecode.swift; path = AppDelegate.swift; sourceTree = "<group>"; };
		A418CCA0225E0F9F00FF9EE6 /* ViewController.swift */ = {isa = PBXFileReference; lastKnownFileType = sourcecode.swift; path = ViewController.swift; sourceTree = "<group>"; };
		A418CCA5225E0FA100FF9EE6 /* Assets.xcassets */ = {isa = PBXFileReference; lastKnownFileType = folder.assetcatalog; path = Assets.xcassets; sourceTree = "<group>"; };
		A418CCAA225E0FA100FF9EE6 /* Info.plist */ = {isa = PBXFileReference; lastKnownFileType = text.plist.xml; path = Info.plist; sourceTree = "<group>"; };
		A418CCAF225E0FA100FF9EE6 /* BasicNetworkingTests.xctest */ = {isa = PBXFileReference; explicitFileType = wrapper.cfbundle; includeInIndex = 0; path = BasicNetworkingTests.xctest; sourceTree = BUILT_PRODUCTS_DIR; };
		A418CCB3225E0FA100FF9EE6 /* BasicNetworkingTests.swift */ = {isa = PBXFileReference; lastKnownFileType = sourcecode.swift; path = BasicNetworkingTests.swift; sourceTree = "<group>"; };
		A418CCB5225E0FA100FF9EE6 /* Info.plist */ = {isa = PBXFileReference; lastKnownFileType = text.plist.xml; path = Info.plist; sourceTree = "<group>"; };
		A418CCC0225E2F3800FF9EE6 /* DatabaseManagerTests.swift */ = {isa = PBXFileReference; lastKnownFileType = sourcecode.swift; path = DatabaseManagerTests.swift; sourceTree = "<group>"; };
		B9E23918174456556C0644CD /* Pods_BasicNetworking.framework */ = {isa = PBXFileReference; explicitFileType = wrapper.framework; includeInIndex = 0; path = Pods_BasicNetworking.framework; sourceTree = BUILT_PRODUCTS_DIR; };
		ED050018226C6AA1001B24D5 /* GetComicCharactersRequestTests.swift */ = {isa = PBXFileReference; lastKnownFileType = sourcecode.swift; path = GetComicCharactersRequestTests.swift; sourceTree = "<group>"; };
		ED05001E226CAA7D001B24D5 /* DataMocks.swift */ = {isa = PBXFileReference; lastKnownFileType = sourcecode.swift; path = DataMocks.swift; sourceTree = "<group>"; };
		ED050020226DBE04001B24D5 /* ComicCharactersViewModelTests.swift */ = {isa = PBXFileReference; lastKnownFileType = sourcecode.swift; path = ComicCharactersViewModelTests.swift; sourceTree = "<group>"; };
		ED062BD0226A2B8F00AE2BC6 /* ComicCharactersViewModel.swift */ = {isa = PBXFileReference; lastKnownFileType = sourcecode.swift; path = ComicCharactersViewModel.swift; sourceTree = "<group>"; };
		ED062BD2226A5F0300AE2BC6 /* NetworkError.swift */ = {isa = PBXFileReference; lastKnownFileType = sourcecode.swift; path = NetworkError.swift; sourceTree = "<group>"; };
		ED062BD7226A612800AE2BC6 /* GetComicCharactersRequest.swift */ = {isa = PBXFileReference; lastKnownFileType = sourcecode.swift; path = GetComicCharactersRequest.swift; sourceTree = "<group>"; };
		ED062BDA226A61FB00AE2BC6 /* URLSessionMock.swift */ = {isa = PBXFileReference; lastKnownFileType = sourcecode.swift; path = URLSessionMock.swift; sourceTree = "<group>"; };
		ED062BDC226A699000AE2BC6 /* MarvelAPIClientServiceTests.swift */ = {isa = PBXFileReference; lastKnownFileType = sourcecode.swift; path = MarvelAPIClientServiceTests.swift; sourceTree = "<group>"; };
		ED24DFDB2269BE3F00C70C33 /* MarvelDataContainer.swift */ = {isa = PBXFileReference; lastKnownFileType = sourcecode.swift; path = MarvelDataContainer.swift; sourceTree = "<group>"; };
		ED24DFDD2269BF0E00C70C33 /* MarvelResponse.swift */ = {isa = PBXFileReference; lastKnownFileType = sourcecode.swift; path = MarvelResponse.swift; sourceTree = "<group>"; };
		ED24DFDF2269C48500C70C33 /* ComicCharacter.swift */ = {isa = PBXFileReference; lastKnownFileType = sourcecode.swift; path = ComicCharacter.swift; sourceTree = "<group>"; };
		ED24DFE12269C4AA00C70C33 /* MarvelImage.swift */ = {isa = PBXFileReference; lastKnownFileType = sourcecode.swift; path = MarvelImage.swift; sourceTree = "<group>"; };
/* End PBXFileReference section */

/* Begin PBXFrameworksBuildPhase section */
		A418CC98225E0F9F00FF9EE6 /* Frameworks */ = {
			isa = PBXFrameworksBuildPhase;
			buildActionMask = 2147483647;
			files = (
				57005A9E5E9EB81E65EF6501 /* Pods_BasicNetworking.framework in Frameworks */,
			);
			runOnlyForDeploymentPostprocessing = 0;
		};
		A418CCAC225E0FA100FF9EE6 /* Frameworks */ = {
			isa = PBXFrameworksBuildPhase;
			buildActionMask = 2147483647;
			files = (
				687321C357D53F1B4C07185A /* Pods_BasicNetworkingTests.framework in Frameworks */,
			);
			runOnlyForDeploymentPostprocessing = 0;
		};
/* End PBXFrameworksBuildPhase section */

/* Begin PBXGroup section */
		A418CC92225E0F9F00FF9EE6 = {
			isa = PBXGroup;
			children = (
				A418CC9D225E0F9F00FF9EE6 /* BasicNetworking */,
				A418CCB2225E0FA100FF9EE6 /* BasicNetworkingTests */,
				A418CC9C225E0F9F00FF9EE6 /* Products */,
				F720FCBBAB4E17FDA663F11B /* Pods */,
				E7E8DAC4C2D976162326B7FC /* Frameworks */,
			);
			sourceTree = "<group>";
		};
		A418CC9C225E0F9F00FF9EE6 /* Products */ = {
			isa = PBXGroup;
			children = (
				A418CC9B225E0F9F00FF9EE6 /* BasicNetworking.app */,
				A418CCAF225E0FA100FF9EE6 /* BasicNetworkingTests.xctest */,
			);
			name = Products;
			sourceTree = "<group>";
		};
		A418CC9D225E0F9F00FF9EE6 /* BasicNetworking */ = {
			isa = PBXGroup;
			children = (
				ED062BD5226A60FA00AE2BC6 /* Requests */,
				ED062BD4226A60BD00AE2BC6 /* Models */,
				A418CC9E225E0F9F00FF9EE6 /* AppDelegate.swift */,
				A418CCA0225E0F9F00FF9EE6 /* ViewController.swift */,
				A418CCA5225E0FA100FF9EE6 /* Assets.xcassets */,
				A418CCAA225E0FA100FF9EE6 /* Info.plist */,
				A40CDC9C226615B500A97E93 /* APIClientService.swift */,
				A40CDC9E226615EC00A97E93 /* APIRequest.swift */,
				A40CDCA02266166100A97E93 /* URLSessionProtocol.swift */,
				A40CDCA22266226800A97E93 /* GlobalConstants.swift */,
				ED062BD0226A2B8F00AE2BC6 /* ComicCharactersViewModel.swift */,
				ED062BD2226A5F0300AE2BC6 /* NetworkError.swift */,
			);
			path = BasicNetworking;
			sourceTree = "<group>";
		};
		A418CCB2225E0FA100FF9EE6 /* BasicNetworkingTests */ = {
			isa = PBXGroup;
			children = (
				ED062BD9226A61D300AE2BC6 /* Mocks */,
				A418CCB3225E0FA100FF9EE6 /* BasicNetworkingTests.swift */,
				A418CCB5225E0FA100FF9EE6 /* Info.plist */,
				A418CCC0225E2F3800FF9EE6 /* DatabaseManagerTests.swift */,
				ED062BDC226A699000AE2BC6 /* MarvelAPIClientServiceTests.swift */,
				ED050018226C6AA1001B24D5 /* GetComicCharactersRequestTests.swift */,
				ED050020226DBE04001B24D5 /* ComicCharactersViewModelTests.swift */,
			);
			path = BasicNetworkingTests;
			sourceTree = "<group>";
		};
		E7E8DAC4C2D976162326B7FC /* Frameworks */ = {
			isa = PBXGroup;
			children = (
				B9E23918174456556C0644CD /* Pods_BasicNetworking.framework */,
				2AD285E4B7095C7C67E10243 /* Pods_BasicNetworkingTests.framework */,
			);
			name = Frameworks;
			sourceTree = "<group>";
		};
		ED05001D226CAA4F001B24D5 /* Data */ = {
			isa = PBXGroup;
			children = (
				ED05001E226CAA7D001B24D5 /* DataMocks.swift */,
			);
			path = Data;
			sourceTree = "<group>";
		};
		ED062BD4226A60BD00AE2BC6 /* Models */ = {
			isa = PBXGroup;
			children = (
				ED24DFDF2269C48500C70C33 /* ComicCharacter.swift */,
				ED24DFE12269C4AA00C70C33 /* MarvelImage.swift */,
				ED24DFDD2269BF0E00C70C33 /* MarvelResponse.swift */,
				ED24DFDB2269BE3F00C70C33 /* MarvelDataContainer.swift */,
			);
			path = Models;
			sourceTree = "<group>";
		};
		ED062BD5226A60FA00AE2BC6 /* Requests */ = {
			isa = PBXGroup;
			children = (
				ED062BD6226A610100AE2BC6 /* GET */,
			);
			path = Requests;
			sourceTree = "<group>";
		};
		ED062BD6226A610100AE2BC6 /* GET */ = {
			isa = PBXGroup;
			children = (
				ED062BD7226A612800AE2BC6 /* GetComicCharactersRequest.swift */,
			);
			path = GET;
			sourceTree = "<group>";
		};
		ED062BD9226A61D300AE2BC6 /* Mocks */ = {
			isa = PBXGroup;
			children = (
				ED062BDA226A61FB00AE2BC6 /* URLSessionMock.swift */,
				ED05001D226CAA4F001B24D5 /* Data */,
			);
			path = Mocks;
			sourceTree = "<group>";
		};
		F720FCBBAB4E17FDA663F11B /* Pods */ = {
			isa = PBXGroup;
			children = (
				08D6327463BB02BF113489E0 /* Pods-BasicNetworking.debug.xcconfig */,
				1325B2E6429DD24315508ED6 /* Pods-BasicNetworking.release.xcconfig */,
				8CCE2B98377E6D7407B55BFB /* Pods-BasicNetworkingTests.debug.xcconfig */,
				443B47CC625DFD474B5E855D /* Pods-BasicNetworkingTests.release.xcconfig */,
			);
			name = Pods;
			sourceTree = "<group>";
		};
/* End PBXGroup section */

/* Begin PBXNativeTarget section */
		A418CC9A225E0F9F00FF9EE6 /* BasicNetworking */ = {
			isa = PBXNativeTarget;
			buildConfigurationList = A418CCB8225E0FA100FF9EE6 /* Build configuration list for PBXNativeTarget "BasicNetworking" */;
			buildPhases = (
				9C04E62DD3BEBC24FEB4E2A6 /* [CP] Check Pods Manifest.lock */,
				A418CC97225E0F9F00FF9EE6 /* Sources */,
				A418CC98225E0F9F00FF9EE6 /* Frameworks */,
				A418CC99225E0F9F00FF9EE6 /* Resources */,
				64E3AC0B527B63A9723E7FFD /* [CP] Embed Pods Frameworks */,
			);
			buildRules = (
			);
			dependencies = (
			);
			name = BasicNetworking;
			productName = BasicNetworking;
			productReference = A418CC9B225E0F9F00FF9EE6 /* BasicNetworking.app */;
			productType = "com.apple.product-type.application";
		};
		A418CCAE225E0FA100FF9EE6 /* BasicNetworkingTests */ = {
			isa = PBXNativeTarget;
			buildConfigurationList = A418CCBB225E0FA100FF9EE6 /* Build configuration list for PBXNativeTarget "BasicNetworkingTests" */;
			buildPhases = (
				E727FF301C2E5FA577D71D8F /* [CP] Check Pods Manifest.lock */,
				A418CCAB225E0FA100FF9EE6 /* Sources */,
				A418CCAC225E0FA100FF9EE6 /* Frameworks */,
				A418CCAD225E0FA100FF9EE6 /* Resources */,
				DD34F70C5BD9EC69BEBD2D42 /* [CP] Embed Pods Frameworks */,
			);
			buildRules = (
			);
			dependencies = (
				A418CCB1225E0FA100FF9EE6 /* PBXTargetDependency */,
			);
			name = BasicNetworkingTests;
			productName = BasicNetworkingTests;
			productReference = A418CCAF225E0FA100FF9EE6 /* BasicNetworkingTests.xctest */;
			productType = "com.apple.product-type.bundle.unit-test";
		};
/* End PBXNativeTarget section */

/* Begin PBXProject section */
		A418CC93225E0F9F00FF9EE6 /* Project object */ = {
			isa = PBXProject;
			attributes = {
				LastSwiftUpdateCheck = 1020;
				LastUpgradeCheck = 1020;
				TargetAttributes = {
					A418CC9A225E0F9F00FF9EE6 = {
						CreatedOnToolsVersion = 10.2;
					};
					A418CCAE225E0FA100FF9EE6 = {
						CreatedOnToolsVersion = 10.2;
						TestTargetID = A418CC9A225E0F9F00FF9EE6;
					};
				};
			};
			buildConfigurationList = A418CC96225E0F9F00FF9EE6 /* Build configuration list for PBXProject "BasicNetworking" */;
			compatibilityVersion = "Xcode 9.3";
			developmentRegion = en;
			hasScannedForEncodings = 0;
			knownRegions = (
				en,
				Base,
			);
			mainGroup = A418CC92225E0F9F00FF9EE6;
			productRefGroup = A418CC9C225E0F9F00FF9EE6 /* Products */;
			projectDirPath = "";
			projectRoot = "";
			targets = (
				A418CC9A225E0F9F00FF9EE6 /* BasicNetworking */,
				A418CCAE225E0FA100FF9EE6 /* BasicNetworkingTests */,
			);
		};
/* End PBXProject section */

/* Begin PBXResourcesBuildPhase section */
		A418CC99225E0F9F00FF9EE6 /* Resources */ = {
			isa = PBXResourcesBuildPhase;
			buildActionMask = 2147483647;
			files = (
				A418CCA6225E0FA100FF9EE6 /* Assets.xcassets in Resources */,
			);
			runOnlyForDeploymentPostprocessing = 0;
		};
		A418CCAD225E0FA100FF9EE6 /* Resources */ = {
			isa = PBXResourcesBuildPhase;
			buildActionMask = 2147483647;
			files = (
			);
			runOnlyForDeploymentPostprocessing = 0;
		};
/* End PBXResourcesBuildPhase section */

/* Begin PBXShellScriptBuildPhase section */
		64E3AC0B527B63A9723E7FFD /* [CP] Embed Pods Frameworks */ = {
			isa = PBXShellScriptBuildPhase;
			buildActionMask = 2147483647;
			files = (
			);
			inputPaths = (
				"${SRCROOT}/Pods/Target Support Files/Pods-BasicNetworking/Pods-BasicNetworking-frameworks.sh",
				"${BUILT_PRODUCTS_DIR}/CryptoSwift/CryptoSwift.framework",
				"${BUILT_PRODUCTS_DIR}/RxCocoa/RxCocoa.framework",
				"${BUILT_PRODUCTS_DIR}/RxSwift/RxSwift.framework",
			);
			name = "[CP] Embed Pods Frameworks";
			outputPaths = (
				"${TARGET_BUILD_DIR}/${FRAMEWORKS_FOLDER_PATH}/CryptoSwift.framework",
				"${TARGET_BUILD_DIR}/${FRAMEWORKS_FOLDER_PATH}/RxCocoa.framework",
				"${TARGET_BUILD_DIR}/${FRAMEWORKS_FOLDER_PATH}/RxSwift.framework",
			);
			runOnlyForDeploymentPostprocessing = 0;
			shellPath = /bin/sh;
			shellScript = "\"${SRCROOT}/Pods/Target Support Files/Pods-BasicNetworking/Pods-BasicNetworking-frameworks.sh\"\n";
			showEnvVarsInLog = 0;
		};
		9C04E62DD3BEBC24FEB4E2A6 /* [CP] Check Pods Manifest.lock */ = {
			isa = PBXShellScriptBuildPhase;
			buildActionMask = 2147483647;
			files = (
			);
			inputPaths = (
				"${PODS_PODFILE_DIR_PATH}/Podfile.lock",
				"${PODS_ROOT}/Manifest.lock",
			);
			name = "[CP] Check Pods Manifest.lock";
			outputPaths = (
				"$(DERIVED_FILE_DIR)/Pods-BasicNetworking-checkManifestLockResult.txt",
			);
			runOnlyForDeploymentPostprocessing = 0;
			shellPath = /bin/sh;
			shellScript = "diff \"${PODS_PODFILE_DIR_PATH}/Podfile.lock\" \"${PODS_ROOT}/Manifest.lock\" > /dev/null\nif [ $? != 0 ] ; then\n    # print error to STDERR\n    echo \"error: The sandbox is not in sync with the Podfile.lock. Run 'pod install' or update your CocoaPods installation.\" >&2\n    exit 1\nfi\n# This output is used by Xcode 'outputs' to avoid re-running this script phase.\necho \"SUCCESS\" > \"${SCRIPT_OUTPUT_FILE_0}\"\n";
			showEnvVarsInLog = 0;
		};
		DD34F70C5BD9EC69BEBD2D42 /* [CP] Embed Pods Frameworks */ = {
			isa = PBXShellScriptBuildPhase;
			buildActionMask = 2147483647;
			files = (
			);
			inputPaths = (
				"${SRCROOT}/Pods/Target Support Files/Pods-BasicNetworkingTests/Pods-BasicNetworkingTests-frameworks.sh",
				"${BUILT_PRODUCTS_DIR}/RxSwift/RxSwift.framework",
				"${BUILT_PRODUCTS_DIR}/Nimble/Nimble.framework",
				"${BUILT_PRODUCTS_DIR}/RxBlocking/RxBlocking.framework",
				"${BUILT_PRODUCTS_DIR}/RxTest/RxTest.framework",
			);
			name = "[CP] Embed Pods Frameworks";
			outputPaths = (
				"${TARGET_BUILD_DIR}/${FRAMEWORKS_FOLDER_PATH}/RxSwift.framework",
				"${TARGET_BUILD_DIR}/${FRAMEWORKS_FOLDER_PATH}/Nimble.framework",
				"${TARGET_BUILD_DIR}/${FRAMEWORKS_FOLDER_PATH}/RxBlocking.framework",
				"${TARGET_BUILD_DIR}/${FRAMEWORKS_FOLDER_PATH}/RxTest.framework",
			);
			runOnlyForDeploymentPostprocessing = 0;
			shellPath = /bin/sh;
			shellScript = "\"${SRCROOT}/Pods/Target Support Files/Pods-BasicNetworkingTests/Pods-BasicNetworkingTests-frameworks.sh\"\n";
			showEnvVarsInLog = 0;
		};
		E727FF301C2E5FA577D71D8F /* [CP] Check Pods Manifest.lock */ = {
			isa = PBXShellScriptBuildPhase;
			buildActionMask = 2147483647;
			files = (
			);
			inputPaths = (
				"${PODS_PODFILE_DIR_PATH}/Podfile.lock",
				"${PODS_ROOT}/Manifest.lock",
			);
			name = "[CP] Check Pods Manifest.lock";
			outputPaths = (
				"$(DERIVED_FILE_DIR)/Pods-BasicNetworkingTests-checkManifestLockResult.txt",
			);
			runOnlyForDeploymentPostprocessing = 0;
			shellPath = /bin/sh;
			shellScript = "diff \"${PODS_PODFILE_DIR_PATH}/Podfile.lock\" \"${PODS_ROOT}/Manifest.lock\" > /dev/null\nif [ $? != 0 ] ; then\n    # print error to STDERR\n    echo \"error: The sandbox is not in sync with the Podfile.lock. Run 'pod install' or update your CocoaPods installation.\" >&2\n    exit 1\nfi\n# This output is used by Xcode 'outputs' to avoid re-running this script phase.\necho \"SUCCESS\" > \"${SCRIPT_OUTPUT_FILE_0}\"\n";
			showEnvVarsInLog = 0;
		};
/* End PBXShellScriptBuildPhase section */

/* Begin PBXSourcesBuildPhase section */
		A418CC97225E0F9F00FF9EE6 /* Sources */ = {
			isa = PBXSourcesBuildPhase;
			buildActionMask = 2147483647;
			files = (
				ED24DFDC2269BE3F00C70C33 /* MarvelDataContainer.swift in Sources */,
				A40CDCA12266166100A97E93 /* URLSessionProtocol.swift in Sources */,
				A418CCA1225E0F9F00FF9EE6 /* ViewController.swift in Sources */,
				ED24DFE02269C48500C70C33 /* ComicCharacter.swift in Sources */,
				ED062BD8226A612800AE2BC6 /* GetComicCharactersRequest.swift in Sources */,
				ED062BD1226A2B8F00AE2BC6 /* ComicCharactersViewModel.swift in Sources */,
				ED24DFE22269C4AA00C70C33 /* MarvelImage.swift in Sources */,
				A418CC9F225E0F9F00FF9EE6 /* AppDelegate.swift in Sources */,
				A40CDCA32266226800A97E93 /* GlobalConstants.swift in Sources */,
				A40CDC9F226615EC00A97E93 /* APIRequest.swift in Sources */,
				ED062BD3226A5F0300AE2BC6 /* NetworkError.swift in Sources */,
				ED24DFDE2269BF0E00C70C33 /* MarvelResponse.swift in Sources */,
				A40CDC9D226615B500A97E93 /* APIClientService.swift in Sources */,
			);
			runOnlyForDeploymentPostprocessing = 0;
		};
		A418CCAB225E0FA100FF9EE6 /* Sources */ = {
			isa = PBXSourcesBuildPhase;
			buildActionMask = 2147483647;
			files = (
				ED062BDD226A699000AE2BC6 /* MarvelAPIClientServiceTests.swift in Sources */,
				ED050019226C6AA1001B24D5 /* GetComicCharactersRequestTests.swift in Sources */,
				ED05001F226CAA7D001B24D5 /* DataMocks.swift in Sources */,
				ED062BDB226A61FB00AE2BC6 /* URLSessionMock.swift in Sources */,
				A418CCC1225E2F3800FF9EE6 /* DatabaseManagerTests.swift in Sources */,
				ED050021226DBE04001B24D5 /* ComicCharactersViewModelTests.swift in Sources */,
				A418CCB4225E0FA100FF9EE6 /* BasicNetworkingTests.swift in Sources */,
			);
			runOnlyForDeploymentPostprocessing = 0;
		};
/* End PBXSourcesBuildPhase section */

/* Begin PBXTargetDependency section */
		A418CCB1225E0FA100FF9EE6 /* PBXTargetDependency */ = {
			isa = PBXTargetDependency;
			target = A418CC9A225E0F9F00FF9EE6 /* BasicNetworking */;
			targetProxy = A418CCB0225E0FA100FF9EE6 /* PBXContainerItemProxy */;
		};
/* End PBXTargetDependency section */

/* Begin XCBuildConfiguration section */
		A418CCB6225E0FA100FF9EE6 /* Debug */ = {
			isa = XCBuildConfiguration;
			buildSettings = {
				ALWAYS_SEARCH_USER_PATHS = NO;
				CLANG_ANALYZER_NONNULL = YES;
				CLANG_ANALYZER_NUMBER_OBJECT_CONVERSION = YES_AGGRESSIVE;
				CLANG_CXX_LANGUAGE_STANDARD = "gnu++14";
				CLANG_CXX_LIBRARY = "libc++";
				CLANG_ENABLE_MODULES = YES;
				CLANG_ENABLE_OBJC_ARC = YES;
				CLANG_ENABLE_OBJC_WEAK = YES;
				CLANG_WARN_BLOCK_CAPTURE_AUTORELEASING = YES;
				CLANG_WARN_BOOL_CONVERSION = YES;
				CLANG_WARN_COMMA = YES;
				CLANG_WARN_CONSTANT_CONVERSION = YES;
				CLANG_WARN_DEPRECATED_OBJC_IMPLEMENTATIONS = YES;
				CLANG_WARN_DIRECT_OBJC_ISA_USAGE = YES_ERROR;
				CLANG_WARN_DOCUMENTATION_COMMENTS = YES;
				CLANG_WARN_EMPTY_BODY = YES;
				CLANG_WARN_ENUM_CONVERSION = YES;
				CLANG_WARN_INFINITE_RECURSION = YES;
				CLANG_WARN_INT_CONVERSION = YES;
				CLANG_WARN_NON_LITERAL_NULL_CONVERSION = YES;
				CLANG_WARN_OBJC_IMPLICIT_RETAIN_SELF = YES;
				CLANG_WARN_OBJC_LITERAL_CONVERSION = YES;
				CLANG_WARN_OBJC_ROOT_CLASS = YES_ERROR;
				CLANG_WARN_RANGE_LOOP_ANALYSIS = YES;
				CLANG_WARN_STRICT_PROTOTYPES = YES;
				CLANG_WARN_SUSPICIOUS_MOVE = YES;
				CLANG_WARN_UNGUARDED_AVAILABILITY = YES_AGGRESSIVE;
				CLANG_WARN_UNREACHABLE_CODE = YES;
				CLANG_WARN__DUPLICATE_METHOD_MATCH = YES;
				CODE_SIGN_IDENTITY = "iPhone Developer";
				COPY_PHASE_STRIP = NO;
				DEBUG_INFORMATION_FORMAT = dwarf;
				ENABLE_STRICT_OBJC_MSGSEND = YES;
				ENABLE_TESTABILITY = YES;
				GCC_C_LANGUAGE_STANDARD = gnu11;
				GCC_DYNAMIC_NO_PIC = NO;
				GCC_NO_COMMON_BLOCKS = YES;
				GCC_OPTIMIZATION_LEVEL = 0;
				GCC_PREPROCESSOR_DEFINITIONS = (
					"DEBUG=1",
					"$(inherited)",
				);
				GCC_WARN_64_TO_32_BIT_CONVERSION = YES;
				GCC_WARN_ABOUT_RETURN_TYPE = YES_ERROR;
				GCC_WARN_UNDECLARED_SELECTOR = YES;
				GCC_WARN_UNINITIALIZED_AUTOS = YES_AGGRESSIVE;
				GCC_WARN_UNUSED_FUNCTION = YES;
				GCC_WARN_UNUSED_VARIABLE = YES;
				IPHONEOS_DEPLOYMENT_TARGET = 12.2;
				MTL_ENABLE_DEBUG_INFO = INCLUDE_SOURCE;
				MTL_FAST_MATH = YES;
				ONLY_ACTIVE_ARCH = YES;
				SDKROOT = iphoneos;
				SWIFT_ACTIVE_COMPILATION_CONDITIONS = DEBUG;
				SWIFT_OPTIMIZATION_LEVEL = "-Onone";
			};
			name = Debug;
		};
		A418CCB7225E0FA100FF9EE6 /* Release */ = {
			isa = XCBuildConfiguration;
			buildSettings = {
				ALWAYS_SEARCH_USER_PATHS = NO;
				CLANG_ANALYZER_NONNULL = YES;
				CLANG_ANALYZER_NUMBER_OBJECT_CONVERSION = YES_AGGRESSIVE;
				CLANG_CXX_LANGUAGE_STANDARD = "gnu++14";
				CLANG_CXX_LIBRARY = "libc++";
				CLANG_ENABLE_MODULES = YES;
				CLANG_ENABLE_OBJC_ARC = YES;
				CLANG_ENABLE_OBJC_WEAK = YES;
				CLANG_WARN_BLOCK_CAPTURE_AUTORELEASING = YES;
				CLANG_WARN_BOOL_CONVERSION = YES;
				CLANG_WARN_COMMA = YES;
				CLANG_WARN_CONSTANT_CONVERSION = YES;
				CLANG_WARN_DEPRECATED_OBJC_IMPLEMENTATIONS = YES;
				CLANG_WARN_DIRECT_OBJC_ISA_USAGE = YES_ERROR;
				CLANG_WARN_DOCUMENTATION_COMMENTS = YES;
				CLANG_WARN_EMPTY_BODY = YES;
				CLANG_WARN_ENUM_CONVERSION = YES;
				CLANG_WARN_INFINITE_RECURSION = YES;
				CLANG_WARN_INT_CONVERSION = YES;
				CLANG_WARN_NON_LITERAL_NULL_CONVERSION = YES;
				CLANG_WARN_OBJC_IMPLICIT_RETAIN_SELF = YES;
				CLANG_WARN_OBJC_LITERAL_CONVERSION = YES;
				CLANG_WARN_OBJC_ROOT_CLASS = YES_ERROR;
				CLANG_WARN_RANGE_LOOP_ANALYSIS = YES;
				CLANG_WARN_STRICT_PROTOTYPES = YES;
				CLANG_WARN_SUSPICIOUS_MOVE = YES;
				CLANG_WARN_UNGUARDED_AVAILABILITY = YES_AGGRESSIVE;
				CLANG_WARN_UNREACHABLE_CODE = YES;
				CLANG_WARN__DUPLICATE_METHOD_MATCH = YES;
				CODE_SIGN_IDENTITY = "iPhone Developer";
				COPY_PHASE_STRIP = NO;
				DEBUG_INFORMATION_FORMAT = "dwarf-with-dsym";
				ENABLE_NS_ASSERTIONS = NO;
				ENABLE_STRICT_OBJC_MSGSEND = YES;
				GCC_C_LANGUAGE_STANDARD = gnu11;
				GCC_NO_COMMON_BLOCKS = YES;
				GCC_WARN_64_TO_32_BIT_CONVERSION = YES;
				GCC_WARN_ABOUT_RETURN_TYPE = YES_ERROR;
				GCC_WARN_UNDECLARED_SELECTOR = YES;
				GCC_WARN_UNINITIALIZED_AUTOS = YES_AGGRESSIVE;
				GCC_WARN_UNUSED_FUNCTION = YES;
				GCC_WARN_UNUSED_VARIABLE = YES;
				IPHONEOS_DEPLOYMENT_TARGET = 12.2;
				MTL_ENABLE_DEBUG_INFO = NO;
				MTL_FAST_MATH = YES;
				SDKROOT = iphoneos;
				SWIFT_COMPILATION_MODE = wholemodule;
				SWIFT_OPTIMIZATION_LEVEL = "-O";
				VALIDATE_PRODUCT = YES;
			};
			name = Release;
		};
		A418CCB9225E0FA100FF9EE6 /* Debug */ = {
			isa = XCBuildConfiguration;
			baseConfigurationReference = 08D6327463BB02BF113489E0 /* Pods-BasicNetworking.debug.xcconfig */;
			buildSettings = {
				ASSETCATALOG_COMPILER_APPICON_NAME = AppIcon;
				CODE_SIGN_STYLE = Automatic;
				DEVELOPMENT_TEAM = SAR2G9PZXH;
				INFOPLIST_FILE = BasicNetworking/Info.plist;
				LD_RUNPATH_SEARCH_PATHS = (
					"$(inherited)",
					"@executable_path/Frameworks",
				);
				PRODUCT_BUNDLE_IDENTIFIER = fernandocardenasm.BasicNetworking;
				PRODUCT_NAME = "$(TARGET_NAME)";
				SWIFT_VERSION = 5.0;
				TARGETED_DEVICE_FAMILY = "1,2";
			};
			name = Debug;
		};
		A418CCBA225E0FA100FF9EE6 /* Release */ = {
			isa = XCBuildConfiguration;
			baseConfigurationReference = 1325B2E6429DD24315508ED6 /* Pods-BasicNetworking.release.xcconfig */;
			buildSettings = {
				ASSETCATALOG_COMPILER_APPICON_NAME = AppIcon;
				CODE_SIGN_STYLE = Automatic;
				DEVELOPMENT_TEAM = SAR2G9PZXH;
				INFOPLIST_FILE = BasicNetworking/Info.plist;
				LD_RUNPATH_SEARCH_PATHS = (
					"$(inherited)",
					"@executable_path/Frameworks",
				);
				PRODUCT_BUNDLE_IDENTIFIER = fernandocardenasm.BasicNetworking;
				PRODUCT_NAME = "$(TARGET_NAME)";
				SWIFT_VERSION = 5.0;
				TARGETED_DEVICE_FAMILY = "1,2";
			};
			name = Release;
		};
		A418CCBC225E0FA100FF9EE6 /* Debug */ = {
			isa = XCBuildConfiguration;
			baseConfigurationReference = 8CCE2B98377E6D7407B55BFB /* Pods-BasicNetworkingTests.debug.xcconfig */;
			buildSettings = {
				ALWAYS_EMBED_SWIFT_STANDARD_LIBRARIES = YES;
				BUNDLE_LOADER = "$(TEST_HOST)";
				CODE_SIGN_STYLE = Automatic;
				DEVELOPMENT_TEAM = SAR2G9PZXH;
				INFOPLIST_FILE = BasicNetworkingTests/Info.plist;
				LD_RUNPATH_SEARCH_PATHS = (
					"$(inherited)",
					"@executable_path/Frameworks",
					"@loader_path/Frameworks",
				);
				PRODUCT_BUNDLE_IDENTIFIER = fernandocardenasm.BasicNetworkingTests;
				PRODUCT_NAME = "$(TARGET_NAME)";
				SWIFT_VERSION = 5.0;
				TARGETED_DEVICE_FAMILY = "1,2";
				TEST_HOST = "$(BUILT_PRODUCTS_DIR)/BasicNetworking.app/BasicNetworking";
			};
			name = Debug;
		};
		A418CCBD225E0FA100FF9EE6 /* Release */ = {
			isa = XCBuildConfiguration;
			baseConfigurationReference = 443B47CC625DFD474B5E855D /* Pods-BasicNetworkingTests.release.xcconfig */;
			buildSettings = {
				ALWAYS_EMBED_SWIFT_STANDARD_LIBRARIES = YES;
				BUNDLE_LOADER = "$(TEST_HOST)";
				CODE_SIGN_STYLE = Automatic;
				DEVELOPMENT_TEAM = SAR2G9PZXH;
				INFOPLIST_FILE = BasicNetworkingTests/Info.plist;
				LD_RUNPATH_SEARCH_PATHS = (
					"$(inherited)",
					"@executable_path/Frameworks",
					"@loader_path/Frameworks",
				);
				PRODUCT_BUNDLE_IDENTIFIER = fernandocardenasm.BasicNetworkingTests;
				PRODUCT_NAME = "$(TARGET_NAME)";
				SWIFT_VERSION = 5.0;
				TARGETED_DEVICE_FAMILY = "1,2";
				TEST_HOST = "$(BUILT_PRODUCTS_DIR)/BasicNetworking.app/BasicNetworking";
			};
			name = Release;
		};
/* End XCBuildConfiguration section */

/* Begin XCConfigurationList section */
		A418CC96225E0F9F00FF9EE6 /* Build configuration list for PBXProject "BasicNetworking" */ = {
			isa = XCConfigurationList;
			buildConfigurations = (
				A418CCB6225E0FA100FF9EE6 /* Debug */,
				A418CCB7225E0FA100FF9EE6 /* Release */,
			);
			defaultConfigurationIsVisible = 0;
			defaultConfigurationName = Release;
		};
		A418CCB8225E0FA100FF9EE6 /* Build configuration list for PBXNativeTarget "BasicNetworking" */ = {
			isa = XCConfigurationList;
			buildConfigurations = (
				A418CCB9225E0FA100FF9EE6 /* Debug */,
				A418CCBA225E0FA100FF9EE6 /* Release */,
			);
			defaultConfigurationIsVisible = 0;
			defaultConfigurationName = Release;
		};
		A418CCBB225E0FA100FF9EE6 /* Build configuration list for PBXNativeTarget "BasicNetworkingTests" */ = {
			isa = XCConfigurationList;
			buildConfigurations = (
				A418CCBC225E0FA100FF9EE6 /* Debug */,
				A418CCBD225E0FA100FF9EE6 /* Release */,
			);
			defaultConfigurationIsVisible = 0;
			defaultConfigurationName = Release;
		};
/* End XCConfigurationList section */
	};
	rootObject = A418CC93225E0F9F00FF9EE6 /* Project object */;
}
